
Microsoft Visual Studio Solution File, Format Version 12.00
# Visual Studio Version 16
VisualStudioVersion = 16.0.30611.23
MinimumVisualStudioVersion = 10.0.40219.1
Project("{FAE04EC0-301F-11D3-BF4B-00C04F79EFBC}") = "RGB", "RGB\RGB.csproj", "{8110E8F0-222C-4B78-BAF5-0B0D9274830D}"
EndProject
Global
	GlobalSection(SolutionConfigurationPlatforms) = preSolution
		Debug|Any CPU = Debug|Any CPU
		Release|Any CPU = Release|Any CPU
	EndGlobalSection
	GlobalSection(ProjectConfigurationPlatforms) = postSolution
		{8110E8F0-222C-4B78-BAF5-0B0D9274830D}.Debug|Any CPU.ActiveCfg = Debug|Any CPU
		{8110E8F0-222C-4B78-BAF5-0B0D9274830D}.Debug|Any CPU.Build.0 = Debug|Any CPU
		{8110E8F0-222C-4B78-BAF5-0B0D9274830D}.Release|Any CPU.ActiveCfg = Release|Any CPU
		{8110E8F0-222C-4B78-BAF5-0B0D9274830D}.Release|Any CPU.Build.0 = Release|Any CPU
	EndGlobalSection
	GlobalSection(SolutionProperties) = preSolution
		HideSolutionNode = FALSE
	EndGlobalSection
	GlobalSection(ExtensibilityGlobals) = postSolution
		SolutionGuid = {09F1685B-8CBA-45B6-B1E3-A0406A01ED65}
	EndGlobalSection
EndGlobal
